Microsoft Visual Studio Solution File, Format Version 12.00
# Visual Studio Version 17
VisualStudioVersion = 17.5.2.0
MinimumVisualStudioVersion = 10.0.40219.1
Project("{FAE04EC0-301F-11D3-BF4B-00C04F79EFBC}") = "GRAL", "GRAL.csproj", "{71C2D452-9D71-FD54-5ABF-B699436E9CCC}"
EndProject
Global
	GlobalSection(SolutionConfigurationPlatforms) = preSolution
		Debug|Any CPU = Debug|Any CPU
		Release|Any CPU = Release|Any CPU
	EndGlobalSection
	GlobalSection(ProjectConfigurationPlatforms) = postSolution
		{71C2D452-9D71-FD54-5ABF-B699436E9CCC}.Debug|Any CPU.ActiveCfg = Debug|Any CPU
		{71C2D452-9D71-FD54-5ABF-B699436E9CCC}.Debug|Any CPU.Build.0 = Debug|Any CPU
		{71C2D452-9D71-FD54-5ABF-B699436E9CCC}.Release|Any CPU.ActiveCfg = Release|Any CPU
		{71C2D452-9D71-FD54-5ABF-B699436E9CCC}.Release|Any CPU.Build.0 = Release|Any CPU
	EndGlobalSection
	GlobalSection(SolutionProperties) = preSolution
		HideSolutionNode = FALSE
	EndGlobalSection
	GlobalSection(ExtensibilityGlobals) = postSolution
		SolutionGuid = {8B2200C6-8E1A-46E4-9D8B-07CD47DD2B7D}
	EndGlobalSection
EndGlobal
